
Microsoft Visual Studio Solution File, Format Version 12.00
# Visual Studio 2013
VisualStudioVersion = 12.0.30501.0
MinimumVisualStudioVersion = 10.0.40219.1
Project("{FAE04EC0-301F-11D3-BF4B-00C04F79EFBC}") = "unisysproject", "unisysproject\unisysproject.csproj", "{EBCEDC53-0F97-48C6-AAB6-9B448E875A5B}"
EndProject
Global
	GlobalSection(SolutionConfigurationPlatforms) = preSolution
		Debug|Any CPU = Debug|Any CPU
		Release|Any CPU = Release|Any CPU
	EndGlobalSection
	GlobalSection(ProjectConfigurationPlatforms) = postSolution
		{EBCEDC53-0F97-48C6-AAB6-9B448E875A5B}.Debug|Any CPU.ActiveCfg = Debug|Any CPU
		{EBCEDC53-0F97-48C6-AAB6-9B448E875A5B}.Debug|Any CPU.Build.0 = Debug|Any CPU
		{EBCEDC53-0F97-48C6-AAB6-9B448E875A5B}.Release|Any CPU.ActiveCfg = Release|Any CPU
		{EBCEDC53-0F97-48C6-AAB6-9B448E875A5B}.Release|Any CPU.Build.0 = Release|Any CPU
	EndGlobalSection
	GlobalSection(SolutionProperties) = preSolution
		HideSolutionNode = FALSE
	EndGlobalSection
EndGlobal
